
Microsoft Visual Studio Solution File, Format Version 12.00
# Visual Studio Version 16
VisualStudioVersion = 16.0.32510.428
MinimumVisualStudioVersion = 10.0.40219.1
Project("{FAE04EC0-301F-11D3-BF4B-00C04F79EFBC}") = "Bookstore.Service", "Bookstore.Service\Bookstore.Service.csproj", "{CD171197-AF0E-4305-AD41-F7809FC34787}"
EndProject
Global
	GlobalSection(SolutionConfigurationPlatforms) = preSolution
		Debug|Any CPU = Debug|Any CPU
		Release|Any CPU = Release|Any CPU
	EndGlobalSection
	GlobalSection(ProjectConfigurationPlatforms) = postSolution
		{CD171197-AF0E-4305-AD41-F7809FC34787}.Debug|Any CPU.ActiveCfg = Debug|Any CPU
		{CD171197-AF0E-4305-AD41-F7809FC34787}.Debug|Any CPU.Build.0 = Debug|Any CPU
		{CD171197-AF0E-4305-AD41-F7809FC34787}.Release|Any CPU.ActiveCfg = Release|Any CPU
		{CD171197-AF0E-4305-AD41-F7809FC34787}.Release|Any CPU.Build.0 = Release|Any CPU
	EndGlobalSection
	GlobalSection(SolutionProperties) = preSolution
		HideSolutionNode = FALSE
	EndGlobalSection
	GlobalSection(ExtensibilityGlobals) = postSolution
		SolutionGuid = {BBED7860-2EC0-406A-BA2E-9E12F23FB14D}
	EndGlobalSection
EndGlobal
